
Microsoft Visual Studio Solution File, Format Version 12.00
# Visual Studio Version 17
VisualStudioVersion = 17.0.31919.166
MinimumVisualStudioVersion = 10.0.40219.1
Project("{FAE04EC0-301F-11D3-BF4B-00C04F79EFBC}") = "Cars System", "Cars System.csproj", "{4C99BCEB-C0D1-4001-BBB9-CE695496BF1D}"
EndProject
Global
	GlobalSection(SolutionConfigurationPlatforms) = preSolution
		Debug|Any CPU = Debug|Any CPU
		Release|Any CPU = Release|Any CPU
	EndGlobalSection
	GlobalSection(ProjectConfigurationPlatforms) = postSolution
		{4C99BCEB-C0D1-4001-BBB9-CE695496BF1D}.Debug|Any CPU.ActiveCfg = Debug|Any CPU
		{4C99BCEB-C0D1-4001-BBB9-CE695496BF1D}.Debug|Any CPU.Build.0 = Debug|Any CPU
		{4C99BCEB-C0D1-4001-BBB9-CE695496BF1D}.Release|Any CPU.ActiveCfg = Release|Any CPU
		{4C99BCEB-C0D1-4001-BBB9-CE695496BF1D}.Release|Any CPU.Build.0 = Release|Any CPU
	EndGlobalSection
	GlobalSection(SolutionProperties) = preSolution
		HideSolutionNode = FALSE
	EndGlobalSection
	GlobalSection(ExtensibilityGlobals) = postSolution
		SolutionGuid = {17F79A0C-D0A6-42C3-8A06-1CA9D57F1132}
	EndGlobalSection
EndGlobal
